{
  "lockfile_version": "1",
  "packages": {
    "lsof@latest": {
      "last_modified": "2023-05-01T16:53:22Z",
      "resolved": "github:NixOS/nixpkgs/8670e496ffd093b60e74e7fa53526aa5920d09eb#lsof",
      "version": "4.98.0"
    },
    "nodejs@18": {
      "last_modified": "2023-05-01T16:53:22Z",
      "resolved": "github:NixOS/nixpkgs/8670e496ffd093b60e74e7fa53526aa5920d09eb#nodejs",
      "version": "18.16.0"
    },
    "python@latest": {
      "last_modified": "2023-06-29T16:20:38Z",
      "plugin_version": "0.0.3",
      "resolved": "github:NixOS/nixpkgs/3c614fbc76fc152f3e1bc4b2263da6d90adf80fb#python311",
      "source": "devbox-search",
      "version": "3.11.4"
    }
  }
}
